
Microsoft Visual Studio Solution File, Format Version 12.00
# Visual Studio Version 16
VisualStudioVersion = 16.0.29001.49
MinimumVisualStudioVersion = 10.0.40219.1
Project("{FAE04EC0-301F-11D3-BF4B-00C04F79EFBC}") = "Forces", "Forces\Forces.csproj", "{6BB4BD09-46C5-48BB-B871-1401AB368714}"
EndProject
Global
	GlobalSection(SolutionConfigurationPlatforms) = preSolution
		Debug|Any CPU = Debug|Any CPU
		Release|Any CPU = Release|Any CPU
	EndGlobalSection
	GlobalSection(ProjectConfigurationPlatforms) = postSolution
		{6BB4BD09-46C5-48BB-B871-1401AB368714}.Debug|Any CPU.ActiveCfg = Debug|Any CPU
		{6BB4BD09-46C5-48BB-B871-1401AB368714}.Debug|Any CPU.Build.0 = Debug|Any CPU
		{6BB4BD09-46C5-48BB-B871-1401AB368714}.Release|Any CPU.ActiveCfg = Release|Any CPU
		{6BB4BD09-46C5-48BB-B871-1401AB368714}.Release|Any CPU.Build.0 = Release|Any CPU
	EndGlobalSection
	GlobalSection(SolutionProperties) = preSolution
		HideSolutionNode = FALSE
	EndGlobalSection
	GlobalSection(ExtensibilityGlobals) = postSolution
		SolutionGuid = {844FF8AB-1D23-4CCE-9378-16CE492312D3}
	EndGlobalSection
EndGlobal
